
Microsoft Visual Studio Solution File, Format Version 12.00
# Visual Studio Version 16
VisualStudioVersion = 16.0.29911.84
MinimumVisualStudioVersion = 10.0.40219.1
Project("{FAE04EC0-301F-11D3-BF4B-00C04F79EFBC}") = "DynamoDB", "DynamoDB.csproj", "{5345256A-C146-4E96-8226-399880007461}"
EndProject
Project("{FAE04EC0-301F-11D3-BF4B-00C04F79EFBC}") = "DynamoDB.Library", "..\DynamoDB.Library\DynamoDB.Library.csproj", "{940AFC56-F5AE-4CEB-B54A-E539770AC9FC}"
EndProject
Global
	GlobalSection(SolutionConfigurationPlatforms) = preSolution
		Debug|Any CPU = Debug|Any CPU
		Release|Any CPU = Release|Any CPU
	EndGlobalSection
	GlobalSection(ProjectConfigurationPlatforms) = postSolution
		{5345256A-C146-4E96-8226-399880007461}.Debug|Any CPU.ActiveCfg = Debug|Any CPU
		{5345256A-C146-4E96-8226-399880007461}.Debug|Any CPU.Build.0 = Debug|Any CPU
		{5345256A-C146-4E96-8226-399880007461}.Release|Any CPU.ActiveCfg = Release|Any CPU
		{5345256A-C146-4E96-8226-399880007461}.Release|Any CPU.Build.0 = Release|Any CPU
		{940AFC56-F5AE-4CEB-B54A-E539770AC9FC}.Debug|Any CPU.ActiveCfg = Debug|Any CPU
		{940AFC56-F5AE-4CEB-B54A-E539770AC9FC}.Debug|Any CPU.Build.0 = Debug|Any CPU
		{940AFC56-F5AE-4CEB-B54A-E539770AC9FC}.Release|Any CPU.ActiveCfg = Release|Any CPU
		{940AFC56-F5AE-4CEB-B54A-E539770AC9FC}.Release|Any CPU.Build.0 = Release|Any CPU
	EndGlobalSection
	GlobalSection(SolutionProperties) = preSolution
		HideSolutionNode = FALSE
	EndGlobalSection
	GlobalSection(ExtensibilityGlobals) = postSolution
		SolutionGuid = {F2983C5C-1F71-4834-850A-799EACB97572}
	EndGlobalSection
EndGlobal
